
Microsoft Visual Studio Solution File, Format Version 12.00
# Visual Studio Version 16
VisualStudioVersion = 16.0.30309.148
MinimumVisualStudioVersion = 10.0.40219.1
Project("{2150E333-8FDC-42A3-9474-1A3956D46DE8}") = "src", "src", "{65B794A3-1B60-44E9-B047-AD0E4232C142}"
EndProject
Project("{2150E333-8FDC-42A3-9474-1A3956D46DE8}") = "tests", "tests", "{044AE8C6-EB12-43DD-8CE7-88D30F77953E}"
EndProject
Project("{2150E333-8FDC-42A3-9474-1A3956D46DE8}") = "MicroServices", "MicroServices", "{65CE7689-8410-4E6C-8F44-99FCD5C457C1}"
EndProject
Project("{9A19103F-16F7-4668-BE54-9A1E7A4F7556}") = "Cheetas3.Application.UnitTests", "test\Cheetas3.Application.UnitTests\Cheetas3.Application.UnitTests.csproj", "{0EBF221C-1CD0-4202-84B1-8C29CF32CC6C}"
EndProject
Project("{9A19103F-16F7-4668-BE54-9A1E7A4F7556}") = "Cheetas3.EU.Provisioner.UnitTests", "test\Cheetas3.EU.Provisioner.UnitTests\Cheetas3.EU.Provisioner.UnitTests.csproj", "{DA28E568-4E81-455F-9D9F-D7736BC7BBCD}"
EndProject
Project("{9A19103F-16F7-4668-BE54-9A1E7A4F7556}") = "Cheetas3.Infrastructure.UnitTests", "test\Cheetas3.Infrastructure.UnitTests\Cheetas3.Infrastructure.UnitTests.csproj", "{02DB1388-1C37-42DB-B8A5-87A2C89EC68D}"
EndProject
Project("{9A19103F-16F7-4668-BE54-9A1E7A4F7556}") = "Application", "src\Cheetas3.EU.Application\Application.csproj", "{C0D1A73B-9251-4DCC-8FC9-852F5430F1DF}"
EndProject
Project("{9A19103F-16F7-4668-BE54-9A1E7A4F7556}") = "Cheetas3.EU.Converter", "src\MicroServices\Cheetas3.EU.Converter\Cheetas3.EU.Converter.csproj", "{0D583728-FAB4-4FE2-BA06-CD82D10B4201}"
EndProject
Project("{9A19103F-16F7-4668-BE54-9A1E7A4F7556}") = "Cheetas3.EU.Provisioner", "src\MicroServices\Cheetas3.EU.Provisioner\Cheetas3.EU.Provisioner.csproj", "{E253E9BA-AC37-41AA-B5B2-BAD63D6E7E9D}"
EndProject
Project("{9A19103F-16F7-4668-BE54-9A1E7A4F7556}") = "WebApi", "src\Cheetas3.EU.WebApi\WebApi.csproj", "{CBEFF4D9-54F0-4F45-89DB-4581953146A7}"
EndProject
Project("{9A19103F-16F7-4668-BE54-9A1E7A4F7556}") = "Infrastructure", "src\Cheetas3.EU.Infrastructure\Infrastructure.csproj", "{0522B19B-158D-4EE9-A57A-2E8CCCDAEC0F}"
EndProject
Project("{9A19103F-16F7-4668-BE54-9A1E7A4F7556}") = "Domain", "src\Cheetas3.EU.Domain\Domain.csproj", "{583A0AF6-C100-42E7-BF0D-5C7275971182}"
EndProject
Global
	GlobalSection(SolutionConfigurationPlatforms) = preSolution
		Debug|Any CPU = Debug|Any CPU
		Release|Any CPU = Release|Any CPU
	EndGlobalSection
	GlobalSection(ProjectConfigurationPlatforms) = postSolution
		{0EBF221C-1CD0-4202-84B1-8C29CF32CC6C}.Debug|Any CPU.ActiveCfg = Debug|Any CPU
		{0EBF221C-1CD0-4202-84B1-8C29CF32CC6C}.Debug|Any CPU.Build.0 = Debug|Any CPU
		{0EBF221C-1CD0-4202-84B1-8C29CF32CC6C}.Release|Any CPU.ActiveCfg = Release|Any CPU
		{0EBF221C-1CD0-4202-84B1-8C29CF32CC6C}.Release|Any CPU.Build.0 = Release|Any CPU
		{DA28E568-4E81-455F-9D9F-D7736BC7BBCD}.Debug|Any CPU.ActiveCfg = Debug|Any CPU
		{DA28E568-4E81-455F-9D9F-D7736BC7BBCD}.Debug|Any CPU.Build.0 = Debug|Any CPU
		{DA28E568-4E81-455F-9D9F-D7736BC7BBCD}.Release|Any CPU.ActiveCfg = Release|Any CPU
		{DA28E568-4E81-455F-9D9F-D7736BC7BBCD}.Release|Any CPU.Build.0 = Release|Any CPU
		{02DB1388-1C37-42DB-B8A5-87A2C89EC68D}.Debug|Any CPU.ActiveCfg = Debug|Any CPU
		{02DB1388-1C37-42DB-B8A5-87A2C89EC68D}.Debug|Any CPU.Build.0 = Debug|Any CPU
		{02DB1388-1C37-42DB-B8A5-87A2C89EC68D}.Release|Any CPU.ActiveCfg = Release|Any CPU
		{02DB1388-1C37-42DB-B8A5-87A2C89EC68D}.Release|Any CPU.Build.0 = Release|Any CPU
		{C0D1A73B-9251-4DCC-8FC9-852F5430F1DF}.Debug|Any CPU.ActiveCfg = Debug|Any CPU
		{C0D1A73B-9251-4DCC-8FC9-852F5430F1DF}.Debug|Any CPU.Build.0 = Debug|Any CPU
		{C0D1A73B-9251-4DCC-8FC9-852F5430F1DF}.Release|Any CPU.ActiveCfg = Release|Any CPU
		{C0D1A73B-9251-4DCC-8FC9-852F5430F1DF}.Release|Any CPU.Build.0 = Release|Any CPU
		{0D583728-FAB4-4FE2-BA06-CD82D10B4201}.Debug|Any CPU.ActiveCfg = Debug|Any CPU
		{0D583728-FAB4-4FE2-BA06-CD82D10B4201}.Debug|Any CPU.Build.0 = Debug|Any CPU
		{0D583728-FAB4-4FE2-BA06-CD82D10B4201}.Release|Any CPU.ActiveCfg = Release|Any CPU
		{0D583728-FAB4-4FE2-BA06-CD82D10B4201}.Release|Any CPU.Build.0 = Release|Any CPU
		{E253E9BA-AC37-41AA-B5B2-BAD63D6E7E9D}.Debug|Any CPU.ActiveCfg = Debug|Any CPU
		{E253E9BA-AC37-41AA-B5B2-BAD63D6E7E9D}.Debug|Any CPU.Build.0 = Debug|Any CPU
		{E253E9BA-AC37-41AA-B5B2-BAD63D6E7E9D}.Release|Any CPU.ActiveCfg = Release|Any CPU
		{E253E9BA-AC37-41AA-B5B2-BAD63D6E7E9D}.Release|Any CPU.Build.0 = Release|Any CPU
		{CBEFF4D9-54F0-4F45-89DB-4581953146A7}.Debug|Any CPU.ActiveCfg = Debug|Any CPU
		{CBEFF4D9-54F0-4F45-89DB-4581953146A7}.Debug|Any CPU.Build.0 = Debug|Any CPU
		{CBEFF4D9-54F0-4F45-89DB-4581953146A7}.Release|Any CPU.ActiveCfg = Release|Any CPU
		{CBEFF4D9-54F0-4F45-89DB-4581953146A7}.Release|Any CPU.Build.0 = Release|Any CPU
		{0522B19B-158D-4EE9-A57A-2E8CCCDAEC0F}.Debug|Any CPU.ActiveCfg = Debug|Any CPU
		{0522B19B-158D-4EE9-A57A-2E8CCCDAEC0F}.Debug|Any CPU.Build.0 = Debug|Any CPU
		{0522B19B-158D-4EE9-A57A-2E8CCCDAEC0F}.Release|Any CPU.ActiveCfg = Release|Any CPU
		{0522B19B-158D-4EE9-A57A-2E8CCCDAEC0F}.Release|Any CPU.Build.0 = Release|Any CPU
		{583A0AF6-C100-42E7-BF0D-5C7275971182}.Debug|Any CPU.ActiveCfg = Debug|Any CPU
		{583A0AF6-C100-42E7-BF0D-5C7275971182}.Debug|Any CPU.Build.0 = Debug|Any CPU
		{583A0AF6-C100-42E7-BF0D-5C7275971182}.Release|Any CPU.ActiveCfg = Release|Any CPU
		{583A0AF6-C100-42E7-BF0D-5C7275971182}.Release|Any CPU.Build.0 = Release|Any CPU
	EndGlobalSection
	GlobalSection(SolutionProperties) = preSolution
		HideSolutionNode = FALSE
	EndGlobalSection
	GlobalSection(NestedProjects) = preSolution
		{65CE7689-8410-4E6C-8F44-99FCD5C457C1} = {65B794A3-1B60-44E9-B047-AD0E4232C142}
		{0EBF221C-1CD0-4202-84B1-8C29CF32CC6C} = {044AE8C6-EB12-43DD-8CE7-88D30F77953E}
		{DA28E568-4E81-455F-9D9F-D7736BC7BBCD} = {044AE8C6-EB12-43DD-8CE7-88D30F77953E}
		{02DB1388-1C37-42DB-B8A5-87A2C89EC68D} = {044AE8C6-EB12-43DD-8CE7-88D30F77953E}
		{C0D1A73B-9251-4DCC-8FC9-852F5430F1DF} = {65B794A3-1B60-44E9-B047-AD0E4232C142}
		{0D583728-FAB4-4FE2-BA06-CD82D10B4201} = {65CE7689-8410-4E6C-8F44-99FCD5C457C1}
		{E253E9BA-AC37-41AA-B5B2-BAD63D6E7E9D} = {65CE7689-8410-4E6C-8F44-99FCD5C457C1}
		{CBEFF4D9-54F0-4F45-89DB-4581953146A7} = {65B794A3-1B60-44E9-B047-AD0E4232C142}
		{0522B19B-158D-4EE9-A57A-2E8CCCDAEC0F} = {65B794A3-1B60-44E9-B047-AD0E4232C142}
		{583A0AF6-C100-42E7-BF0D-5C7275971182} = {65B794A3-1B60-44E9-B047-AD0E4232C142}
	EndGlobalSection
	GlobalSection(ExtensibilityGlobals) = postSolution
		SolutionGuid = {247961FA-97B2-4C68-B44A-767403ACC579}
	EndGlobalSection
EndGlobal
