
Microsoft Visual Studio Solution File, Format Version 12.00
# Visual Studio Version 16
VisualStudioVersion = 16.0.30309.148
MinimumVisualStudioVersion = 10.0.40219.1
Project("{2150E333-8FDC-42A3-9474-1A3956D46DE8}") = "src", "src", "{65B794A3-1B60-44E9-B047-AD0E4232C142}"
EndProject
Project("{2150E333-8FDC-42A3-9474-1A3956D46DE8}") = "MicroServices", "MicroServices", "{65CE7689-8410-4E6C-8F44-99FCD5C457C1}"
EndProject
Project("{9A19103F-16F7-4668-BE54-9A1E7A4F7556}") = "Cheetas3.EU.Converter", "src\MicroServices\Cheetas3.EU.Converter\Cheetas3.EU.Converter.csproj", "{0D583728-FAB4-4FE2-BA06-CD82D10B4201}"
EndProject
Project("{2150E333-8FDC-42A3-9474-1A3956D46DE8}") = "Solution Items", "Solution Items", "{85A8404E-F66D-41C1-B790-6657BC1C3606}"
	ProjectSection(SolutionItems) = preProject
		.dockerignore = .dockerignore
		cheetas3-deployment.yml = cheetas3-deployment.yml
		Dockerfile = Dockerfile
		DockerFile.EUConverter = DockerFile.EUConverter
	EndProjectSection
EndProject
Project("{2150E333-8FDC-42A3-9474-1A3956D46DE8}") = "Core", "Core", "{8AA5EAFA-EAD6-4A18-B16B-2D8B9A2555E1}"
EndProject
Project("{2150E333-8FDC-42A3-9474-1A3956D46DE8}") = "Infrastructure", "Infrastructure", "{6A5A96F4-0588-48B7-8E5F-52FA4641EB49}"
EndProject
Project("{9A19103F-16F7-4668-BE54-9A1E7A4F7556}") = "Cheetas3.EU.Application", "src\Core\Cheetas3.EU.Application\Cheetas3.EU.Application.csproj", "{41AAE997-DF18-4529-9164-38F5F09979BF}"
EndProject
Project("{9A19103F-16F7-4668-BE54-9A1E7A4F7556}") = "Cheetas3.EU.Domain", "src\Core\Cheetas3.EU.Domain\Cheetas3.EU.Domain.csproj", "{8DD93758-0E91-49F4-84D1-7A8025C934D2}"
EndProject
Project("{9A19103F-16F7-4668-BE54-9A1E7A4F7556}") = "Cheetas3.EU.Infrastructure", "src\Infrastructure\Cheetas3.EU.Infrastructure\Cheetas3.EU.Infrastructure.csproj", "{2BD16103-2AB8-49FA-8B05-E2D016630900}"
EndProject
Project("{9A19103F-16F7-4668-BE54-9A1E7A4F7556}") = "Cheetas3.EU.Identity", "src\Infrastructure\Cheetas3.EU.Infrastructure.Identity\Cheetas3.EU.Identity.csproj", "{6135BBFC-3B2D-43E7-A198-620A7B9E1215}"
EndProject
Project("{9A19103F-16F7-4668-BE54-9A1E7A4F7556}") = "Cheetas3.EU.Persistence", "src\Infrastructure\Cheetas3.EU.Persistence\Cheetas3.EU.Persistence.csproj", "{32EE430C-63BF-4119-B1AF-EA63773D800F}"
EndProject
Global
	GlobalSection(SolutionConfigurationPlatforms) = preSolution
		Debug|Any CPU = Debug|Any CPU
		Release|Any CPU = Release|Any CPU
	EndGlobalSection
	GlobalSection(ProjectConfigurationPlatforms) = postSolution
		{0D583728-FAB4-4FE2-BA06-CD82D10B4201}.Debug|Any CPU.ActiveCfg = Debug|Any CPU
		{0D583728-FAB4-4FE2-BA06-CD82D10B4201}.Debug|Any CPU.Build.0 = Debug|Any CPU
		{0D583728-FAB4-4FE2-BA06-CD82D10B4201}.Release|Any CPU.ActiveCfg = Release|Any CPU
		{0D583728-FAB4-4FE2-BA06-CD82D10B4201}.Release|Any CPU.Build.0 = Release|Any CPU
		{41AAE997-DF18-4529-9164-38F5F09979BF}.Debug|Any CPU.ActiveCfg = Debug|Any CPU
		{41AAE997-DF18-4529-9164-38F5F09979BF}.Debug|Any CPU.Build.0 = Debug|Any CPU
		{41AAE997-DF18-4529-9164-38F5F09979BF}.Release|Any CPU.ActiveCfg = Release|Any CPU
		{41AAE997-DF18-4529-9164-38F5F09979BF}.Release|Any CPU.Build.0 = Release|Any CPU
		{8DD93758-0E91-49F4-84D1-7A8025C934D2}.Debug|Any CPU.ActiveCfg = Debug|Any CPU
		{8DD93758-0E91-49F4-84D1-7A8025C934D2}.Debug|Any CPU.Build.0 = Debug|Any CPU
		{8DD93758-0E91-49F4-84D1-7A8025C934D2}.Release|Any CPU.ActiveCfg = Release|Any CPU
		{8DD93758-0E91-49F4-84D1-7A8025C934D2}.Release|Any CPU.Build.0 = Release|Any CPU
		{2BD16103-2AB8-49FA-8B05-E2D016630900}.Debug|Any CPU.ActiveCfg = Debug|Any CPU
		{2BD16103-2AB8-49FA-8B05-E2D016630900}.Debug|Any CPU.Build.0 = Debug|Any CPU
		{2BD16103-2AB8-49FA-8B05-E2D016630900}.Release|Any CPU.ActiveCfg = Release|Any CPU
		{2BD16103-2AB8-49FA-8B05-E2D016630900}.Release|Any CPU.Build.0 = Release|Any CPU
		{6135BBFC-3B2D-43E7-A198-620A7B9E1215}.Debug|Any CPU.ActiveCfg = Debug|Any CPU
		{6135BBFC-3B2D-43E7-A198-620A7B9E1215}.Debug|Any CPU.Build.0 = Debug|Any CPU
		{6135BBFC-3B2D-43E7-A198-620A7B9E1215}.Release|Any CPU.ActiveCfg = Release|Any CPU
		{6135BBFC-3B2D-43E7-A198-620A7B9E1215}.Release|Any CPU.Build.0 = Release|Any CPU
		{32EE430C-63BF-4119-B1AF-EA63773D800F}.Debug|Any CPU.ActiveCfg = Debug|Any CPU
		{32EE430C-63BF-4119-B1AF-EA63773D800F}.Debug|Any CPU.Build.0 = Debug|Any CPU
		{32EE430C-63BF-4119-B1AF-EA63773D800F}.Release|Any CPU.ActiveCfg = Release|Any CPU
		{32EE430C-63BF-4119-B1AF-EA63773D800F}.Release|Any CPU.Build.0 = Release|Any CPU
	EndGlobalSection
	GlobalSection(SolutionProperties) = preSolution
		HideSolutionNode = FALSE
	EndGlobalSection
	GlobalSection(NestedProjects) = preSolution
		{65CE7689-8410-4E6C-8F44-99FCD5C457C1} = {65B794A3-1B60-44E9-B047-AD0E4232C142}
		{0D583728-FAB4-4FE2-BA06-CD82D10B4201} = {65CE7689-8410-4E6C-8F44-99FCD5C457C1}
		{8AA5EAFA-EAD6-4A18-B16B-2D8B9A2555E1} = {65B794A3-1B60-44E9-B047-AD0E4232C142}
		{6A5A96F4-0588-48B7-8E5F-52FA4641EB49} = {65B794A3-1B60-44E9-B047-AD0E4232C142}
		{41AAE997-DF18-4529-9164-38F5F09979BF} = {8AA5EAFA-EAD6-4A18-B16B-2D8B9A2555E1}
		{8DD93758-0E91-49F4-84D1-7A8025C934D2} = {8AA5EAFA-EAD6-4A18-B16B-2D8B9A2555E1}
		{2BD16103-2AB8-49FA-8B05-E2D016630900} = {6A5A96F4-0588-48B7-8E5F-52FA4641EB49}
		{6135BBFC-3B2D-43E7-A198-620A7B9E1215} = {6A5A96F4-0588-48B7-8E5F-52FA4641EB49}
		{32EE430C-63BF-4119-B1AF-EA63773D800F} = {6A5A96F4-0588-48B7-8E5F-52FA4641EB49}
	EndGlobalSection
	GlobalSection(ExtensibilityGlobals) = postSolution
		SolutionGuid = {247961FA-97B2-4C68-B44A-767403ACC579}
	EndGlobalSection
EndGlobal
